
Microsoft Visual Studio Solution File, Format Version 12.00
# Visual Studio Version 17
VisualStudioVersion = 17.10.35027.167
MinimumVisualStudioVersion = 10.0.40219.1
Project("{FAE04EC0-301F-11D3-BF4B-00C04F79EFBC}") = "BackendPart", "BackendPart\BackendPart.csproj", "{9D596DA4-FAE7-4510-A7E0-A87628263CE1}"
EndProject
Global
	GlobalSection(SolutionConfigurationPlatforms) = preSolution
		Debug|Any CPU = Debug|Any CPU
		Release|Any CPU = Release|Any CPU
	EndGlobalSection
	GlobalSection(ProjectConfigurationPlatforms) = postSolution
		{9D596DA4-FAE7-4510-A7E0-A87628263CE1}.Debug|Any CPU.ActiveCfg = Debug|Any CPU
		{9D596DA4-FAE7-4510-A7E0-A87628263CE1}.Debug|Any CPU.Build.0 = Debug|Any CPU
		{9D596DA4-FAE7-4510-A7E0-A87628263CE1}.Release|Any CPU.ActiveCfg = Release|Any CPU
		{9D596DA4-FAE7-4510-A7E0-A87628263CE1}.Release|Any CPU.Build.0 = Release|Any CPU
	EndGlobalSection
	GlobalSection(SolutionProperties) = preSolution
		HideSolutionNode = FALSE
	EndGlobalSection
	GlobalSection(ExtensibilityGlobals) = postSolution
		SolutionGuid = {E4D5AEBC-91A0-47B7-B731-57DB0AA02841}
	EndGlobalSection
EndGlobal
